// !$*UTF8*$!
{
	archiveVersion = 1;
	classes = {
	};
	objectVersion = 48;
	objects = {

/* Begin PBXBuildFile section */
		000894F42061EADB00FA179E /* AppDelegate.swift in Sources */ = {isa = PBXBuildFile; fileRef = 000894F32061EADB00FA179E /* AppDelegate.swift */; };
		000894FB2061EADB00FA179E /* Assets.xcassets in Resources */ = {isa = PBXBuildFile; fileRef = 000894FA2061EADB00FA179E /* Assets.xcassets */; };
		000894FE2061EADB00FA179E /* LaunchScreen.storyboard in Resources */ = {isa = PBXBuildFile; fileRef = 000894FC2061EADB00FA179E /* LaunchScreen.storyboard */; };
		000895062061EBFD00FA179E /* GoogleService-Info.plist in Resources */ = {isa = PBXBuildFile; fileRef = 000895052061EBFD00FA179E /* GoogleService-Info.plist */; };
		0008950A2061F19500FA179E /* InitialViewController.swift in Sources */ = {isa = PBXBuildFile; fileRef = 000895092061F19500FA179E /* InitialViewController.swift */; };
		0008950C206215A100FA179E /* Extension.swift in Sources */ = {isa = PBXBuildFile; fileRef = 0008950B206215A100FA179E /* Extension.swift */; };
		0008950E206216E600FA179E /* SignUpViewController.swift in Sources */ = {isa = PBXBuildFile; fileRef = 0008950D206216E600FA179E /* SignUpViewController.swift */; };
		00089511206221E700FA179E /* Main.storyboard in Resources */ = {isa = PBXBuildFile; fileRef = 000894F72061EADB00FA179E /* Main.storyboard */; };
		00089512206222A100FA179E /* LoginViewController.swift in Sources */ = {isa = PBXBuildFile; fileRef = 0008950F2062204500FA179E /* LoginViewController.swift */; };
		0008951720636F2D00FA179E /* IdeaViewController.swift in Sources */ = {isa = PBXBuildFile; fileRef = 0008951620636F2D00FA179E /* IdeaViewController.swift */; };
		0008951D20636FF000FA179E /* AddViewController.swift in Sources */ = {isa = PBXBuildFile; fileRef = 0008951C20636FF000FA179E /* AddViewController.swift */; };
		0008951F20636FF800FA179E /* ExploreViewController.swift in Sources */ = {isa = PBXBuildFile; fileRef = 0008951E20636FF800FA179E /* ExploreViewController.swift */; };
		000895212063700000FA179E /* ProfileViewController.swift in Sources */ = {isa = PBXBuildFile; fileRef = 000895202063700000FA179E /* ProfileViewController.swift */; };
		000895232063702F00FA179E /* IdeaTableViewCell.swift in Sources */ = {isa = PBXBuildFile; fileRef = 000895222063702F00FA179E /* IdeaTableViewCell.swift */; };
		000895252063729400FA179E /* Idea.swift in Sources */ = {isa = PBXBuildFile; fileRef = 000895242063729400FA179E /* Idea.swift */; };
		00089527206373B600FA179E /* IdeaDetailViewController.swift in Sources */ = {isa = PBXBuildFile; fileRef = 00089526206373B600FA179E /* IdeaDetailViewController.swift */; };
		0008952B206393AB00FA179E /* User.swift in Sources */ = {isa = PBXBuildFile; fileRef = 0008952A206393AB00FA179E /* User.swift */; };
		0008952D2063CBC400FA179E /* ContainerImageViewController.swift in Sources */ = {isa = PBXBuildFile; fileRef = 0008952C2063CBC400FA179E /* ContainerImageViewController.swift */; };
		0008952F2063CBCE00FA179E /* ContainerMapViewController.swift in Sources */ = {isa = PBXBuildFile; fileRef = 0008952E2063CBCE00FA179E /* ContainerMapViewController.swift */; };
		00878B4D20640E2F003C51EF /* ExploreTableViewCell.swift in Sources */ = {isa = PBXBuildFile; fileRef = 00878B4C20640E2E003C51EF /* ExploreTableViewCell.swift */; };
		FC2A0712FB0BF16D344B4EBA /* Pods_IdeaApp__FinalAssessment_.framework in Frameworks */ = {isa = PBXBuildFile; fileRef = 7FBA538ECD54F73C3F39F81E /* Pods_IdeaApp__FinalAssessment_.framework */; };
/* End PBXBuildFile section */

/* Begin PBXFileReference section */
		000894F02061EADB00FA179E /* IdeaApp (FinalAssessment).app */ = {isa = PBXFileReference; explicitFileType = wrapper.application; includeInIndex = 0; path = "IdeaApp (FinalAssessment).app"; sourceTree = BUILT_PRODUCTS_DIR; };
		000894F32061EADB00FA179E /* AppDelegate.swift */ = {isa = PBXFileReference; lastKnownFileType = sourcecode.swift; path = AppDelegate.swift; sourceTree = "<group>"; };
		000894F82061EADB00FA179E /* Base */ = {isa = PBXFileReference; lastKnownFileType = file.storyboard; name = Base; path = Base.lproj/Main.storyboard; sourceTree = "<group>"; };
		000894FA2061EADB00FA179E /* Assets.xcassets */ = {isa = PBXFileReference; lastKnownFileType = folder.assetcatalog; path = Assets.xcassets; sourceTree = "<group>"; };
		000894FD2061EADB00FA179E /* Base */ = {isa = PBXFileReference; lastKnownFileType = file.storyboard; name = Base; path = Base.lproj/LaunchScreen.storyboard; sourceTree = "<group>"; };
		000894FF2061EADB00FA179E /* Info.plist */ = {isa = PBXFileReference; lastKnownFileType = text.plist.xml; path = Info.plist; sourceTree = "<group>"; };
		000895052061EBFD00FA179E /* GoogleService-Info.plist */ = {isa = PBXFileReference; fileEncoding = 4; lastKnownFileType = text.plist.xml; path = "GoogleService-Info.plist"; sourceTree = "<group>"; };
		000895092061F19500FA179E /* InitialViewController.swift */ = {isa = PBXFileReference; lastKnownFileType = sourcecode.swift; path = InitialViewController.swift; sourceTree = "<group>"; };
		0008950B206215A100FA179E /* Extension.swift */ = {isa = PBXFileReference; lastKnownFileType = sourcecode.swift; path = Extension.swift; sourceTree = "<group>"; };
		0008950D206216E600FA179E /* SignUpViewController.swift */ = {isa = PBXFileReference; lastKnownFileType = sourcecode.swift; path = SignUpViewController.swift; sourceTree = "<group>"; };
		0008950F2062204500FA179E /* LoginViewController.swift */ = {isa = PBXFileReference; lastKnownFileType = sourcecode.swift; path = LoginViewController.swift; sourceTree = "<group>"; };
		0008951620636F2D00FA179E /* IdeaViewController.swift */ = {isa = PBXFileReference; lastKnownFileType = sourcecode.swift; path = IdeaViewController.swift; sourceTree = "<group>"; };
		0008951C20636FF000FA179E /* AddViewController.swift */ = {isa = PBXFileReference; lastKnownFileType = sourcecode.swift; path = AddViewController.swift; sourceTree = "<group>"; };
		0008951E20636FF800FA179E /* ExploreViewController.swift */ = {isa = PBXFileReference; lastKnownFileType = sourcecode.swift; path = ExploreViewController.swift; sourceTree = "<group>"; };
		000895202063700000FA179E /* ProfileViewController.swift */ = {isa = PBXFileReference; lastKnownFileType = sourcecode.swift; path = ProfileViewController.swift; sourceTree = "<group>"; };
		000895222063702F00FA179E /* IdeaTableViewCell.swift */ = {isa = PBXFileReference; lastKnownFileType = sourcecode.swift; path = IdeaTableViewCell.swift; sourceTree = "<group>"; };
		000895242063729400FA179E /* Idea.swift */ = {isa = PBXFileReference; lastKnownFileType = sourcecode.swift; path = Idea.swift; sourceTree = "<group>"; };
		00089526206373B600FA179E /* IdeaDetailViewController.swift */ = {isa = PBXFileReference; lastKnownFileType = sourcecode.swift; path = IdeaDetailViewController.swift; sourceTree = "<group>"; };
		0008952A206393AB00FA179E /* User.swift */ = {isa = PBXFileReference; lastKnownFileType = sourcecode.swift; path = User.swift; sourceTree = "<group>"; };
		0008952C2063CBC400FA179E /* ContainerImageViewController.swift */ = {isa = PBXFileReference; lastKnownFileType = sourcecode.swift; path = ContainerImageViewController.swift; sourceTree = "<group>"; };
		0008952E2063CBCE00FA179E /* ContainerMapViewController.swift */ = {isa = PBXFileReference; lastKnownFileType = sourcecode.swift; path = ContainerMapViewController.swift; sourceTree = "<group>"; };
		00878B4C20640E2E003C51EF /* ExploreTableViewCell.swift */ = {isa = PBXFileReference; lastKnownFileType = sourcecode.swift; path = ExploreTableViewCell.swift; sourceTree = "<group>"; };
		05F01074C114670F2347F176 /* Pods-IdeaApp (FinalAssessment).debug.xcconfig */ = {isa = PBXFileReference; includeInIndex = 1; lastKnownFileType = text.xcconfig; name = "Pods-IdeaApp (FinalAssessment).debug.xcconfig"; path = "Pods/Target Support Files/Pods-IdeaApp (FinalAssessment)/Pods-IdeaApp (FinalAssessment).debug.xcconfig"; sourceTree = "<group>"; };
		497EA11F04F6B7200B8741BC /* Pods-IdeaApp (FinalAssessment).release.xcconfig */ = {isa = PBXFileReference; includeInIndex = 1; lastKnownFileType = text.xcconfig; name = "Pods-IdeaApp (FinalAssessment).release.xcconfig"; path = "Pods/Target Support Files/Pods-IdeaApp (FinalAssessment)/Pods-IdeaApp (FinalAssessment).release.xcconfig"; sourceTree = "<group>"; };
		7FBA538ECD54F73C3F39F81E /* Pods_IdeaApp__FinalAssessment_.framework */ = {isa = PBXFileReference; explicitFileType = wrapper.framework; includeInIndex = 0; path = Pods_IdeaApp__FinalAssessment_.framework; sourceTree = BUILT_PRODUCTS_DIR; };
/* End PBXFileReference section */

/* Begin PBXFrameworksBuildPhase section */
		000894ED2061EADB00FA179E /* Frameworks */ = {
			isa = PBXFrameworksBuildPhase;
			buildActionMask = 2147483647;
			files = (
				FC2A0712FB0BF16D344B4EBA /* Pods_IdeaApp__FinalAssessment_.framework in Frameworks */,
			);
			runOnlyForDeploymentPostprocessing = 0;
		};
/* End PBXFrameworksBuildPhase section */

/* Begin PBXGroup section */
		000894E72061EADB00FA179E = {
			isa = PBXGroup;
			children = (
				000894F22061EADB00FA179E /* IdeaApp (FinalAssessment) */,
				000894F12061EADB00FA179E /* Products */,
				8968453D1D2A9EC664E21204 /* Pods */,
				28C1EE798F5A41CA7B5DD372 /* Frameworks */,
			);
			sourceTree = "<group>";
		};
		000894F12061EADB00FA179E /* Products */ = {
			isa = PBXGroup;
			children = (
				000894F02061EADB00FA179E /* IdeaApp (FinalAssessment).app */,
			);
			name = Products;
			sourceTree = "<group>";
		};
		000894F22061EADB00FA179E /* IdeaApp (FinalAssessment) */ = {
			isa = PBXGroup;
			children = (
				000894F32061EADB00FA179E /* AppDelegate.swift */,
				0008950B206215A100FA179E /* Extension.swift */,
				000894F72061EADB00FA179E /* Main.storyboard */,
				0008951420636EEF00FA179E /* LoginAndSignUp */,
				0008951520636F0F00FA179E /* Idea */,
				0008951A20636F5200FA179E /* Add */,
				0008951820636F3C00FA179E /* Explore */,
				0008951B20636F7E00FA179E /* Profile */,
				000894FA2061EADB00FA179E /* Assets.xcassets */,
				000894FC2061EADB00FA179E /* LaunchScreen.storyboard */,
				000894FF2061EADB00FA179E /* Info.plist */,
				000895052061EBFD00FA179E /* GoogleService-Info.plist */,
			);
			path = "IdeaApp (FinalAssessment)";
			sourceTree = "<group>";
		};
		0008951420636EEF00FA179E /* LoginAndSignUp */ = {
			isa = PBXGroup;
			children = (
				000895092061F19500FA179E /* InitialViewController.swift */,
				0008950F2062204500FA179E /* LoginViewController.swift */,
				0008950D206216E600FA179E /* SignUpViewController.swift */,
				0008952A206393AB00FA179E /* User.swift */,
			);
			path = LoginAndSignUp;
			sourceTree = "<group>";
		};
		0008951520636F0F00FA179E /* Idea */ = {
			isa = PBXGroup;
			children = (
				0008951620636F2D00FA179E /* IdeaViewController.swift */,
				00089526206373B600FA179E /* IdeaDetailViewController.swift */,
				000895222063702F00FA179E /* IdeaTableViewCell.swift */,
				0008952C2063CBC400FA179E /* ContainerImageViewController.swift */,
				0008952E2063CBCE00FA179E /* ContainerMapViewController.swift */,
				000895242063729400FA179E /* Idea.swift */,
			);
			path = Idea;
			sourceTree = "<group>";
		};
		0008951820636F3C00FA179E /* Explore */ = {
			isa = PBXGroup;
			children = (
				0008951E20636FF800FA179E /* ExploreViewController.swift */,
				00878B4C20640E2E003C51EF /* ExploreTableViewCell.swift */,
			);
			path = Explore;
			sourceTree = "<group>";
		};
		0008951A20636F5200FA179E /* Add */ = {
			isa = PBXGroup;
			children = (
				0008951C20636FF000FA179E /* AddViewController.swift */,
			);
			path = Add;
			sourceTree = "<group>";
		};
		0008951B20636F7E00FA179E /* Profile */ = {
			isa = PBXGroup;
			children = (
				000895202063700000FA179E /* ProfileViewController.swift */,
			);
			path = Profile;
			sourceTree = "<group>";
		};
		28C1EE798F5A41CA7B5DD372 /* Frameworks */ = {
			isa = PBXGroup;
			children = (
				7FBA538ECD54F73C3F39F81E /* Pods_IdeaApp__FinalAssessment_.framework */,
			);
			name = Frameworks;
			sourceTree = "<group>";
		};
		8968453D1D2A9EC664E21204 /* Pods */ = {
			isa = PBXGroup;
			children = (
				05F01074C114670F2347F176 /* Pods-IdeaApp (FinalAssessment).debug.xcconfig */,
				497EA11F04F6B7200B8741BC /* Pods-IdeaApp (FinalAssessment).release.xcconfig */,
			);
			name = Pods;
			sourceTree = "<group>";
		};
/* End PBXGroup section */

/* Begin PBXNativeTarget section */
		000894EF2061EADB00FA179E /* IdeaApp (FinalAssessment) */ = {
			isa = PBXNativeTarget;
			buildConfigurationList = 000895022061EADB00FA179E /* Build configuration list for PBXNativeTarget "IdeaApp (FinalAssessment)" */;
			buildPhases = (
				AEF20DF9E9C25884AE84CB67 /* [CP] Check Pods Manifest.lock */,
				000894EC2061EADB00FA179E /* Sources */,
				000894ED2061EADB00FA179E /* Frameworks */,
				000894EE2061EADB00FA179E /* Resources */,
				499F569D5BF6D3F83DD76A43 /* [CP] Embed Pods Frameworks */,
				C8DE3A9A0AA036B02C853537 /* [CP] Copy Pods Resources */,
			);
			buildRules = (
			);
			dependencies = (
			);
			name = "IdeaApp (FinalAssessment)";
			productName = "IdeaApp (FinalAssessment)";
			productReference = 000894F02061EADB00FA179E /* IdeaApp (FinalAssessment).app */;
			productType = "com.apple.product-type.application";
		};
/* End PBXNativeTarget section */

/* Begin PBXProject section */
		000894E82061EADB00FA179E /* Project object */ = {
			isa = PBXProject;
			attributes = {
				LastSwiftUpdateCheck = 0920;
				LastUpgradeCheck = 0920;
				ORGANIZATIONNAME = "Terence Chua";
				TargetAttributes = {
					000894EF2061EADB00FA179E = {
						CreatedOnToolsVersion = 9.2;
						ProvisioningStyle = Automatic;
					};
				};
			};
			buildConfigurationList = 000894EB2061EADB00FA179E /* Build configuration list for PBXProject "IdeaApp (FinalAssessment)" */;
			compatibilityVersion = "Xcode 8.0";
			developmentRegion = en;
			hasScannedForEncodings = 0;
			knownRegions = (
				en,
				Base,
			);
			mainGroup = 000894E72061EADB00FA179E;
			productRefGroup = 000894F12061EADB00FA179E /* Products */;
			projectDirPath = "";
			projectRoot = "";
			targets = (
				000894EF2061EADB00FA179E /* IdeaApp (FinalAssessment) */,
			);
		};
/* End PBXProject section */

/* Begin PBXResourcesBuildPhase section */
		000894EE2061EADB00FA179E /* Resources */ = {
			isa = PBXResourcesBuildPhase;
			buildActionMask = 2147483647;
			files = (
				000894FE2061EADB00FA179E /* LaunchScreen.storyboard in Resources */,
				000894FB2061EADB00FA179E /* Assets.xcassets in Resources */,
				000895062061EBFD00FA179E /* GoogleService-Info.plist in Resources */,
				00089511206221E700FA179E /* Main.storyboard in Resources */,
			);
			runOnlyForDeploymentPostprocessing = 0;
		};
/* End PBXResourcesBuildPhase section */

/* Begin PBXShellScriptBuildPhase section */
		499F569D5BF6D3F83DD76A43 /* [CP] Embed Pods Frameworks */ = {
			isa = PBXShellScriptBuildPhase;
			buildActionMask = 2147483647;
			files = (
			);
			inputPaths = (
				"${SRCROOT}/Pods/Target Support Files/Pods-IdeaApp (FinalAssessment)/Pods-IdeaApp (FinalAssessment)-frameworks.sh",
				"${BUILT_PRODUCTS_DIR}/GTMSessionFetcher/GTMSessionFetcher.framework",
				"${BUILT_PRODUCTS_DIR}/GoogleToolboxForMac/GoogleToolboxForMac.framework",
				"${BUILT_PRODUCTS_DIR}/leveldb-library/leveldb.framework",
				"${BUILT_PRODUCTS_DIR}/nanopb/nanopb.framework",
			);
			name = "[CP] Embed Pods Frameworks";
			outputPaths = (
				"${TARGET_BUILD_DIR}/${FRAMEWORKS_FOLDER_PATH}/GTMSessionFetcher.framework",
				"${TARGET_BUILD_DIR}/${FRAMEWORKS_FOLDER_PATH}/GoogleToolboxForMac.framework",
				"${TARGET_BUILD_DIR}/${FRAMEWORKS_FOLDER_PATH}/leveldb.framework",
				"${TARGET_BUILD_DIR}/${FRAMEWORKS_FOLDER_PATH}/nanopb.framework",
			);
			runOnlyForDeploymentPostprocessing = 0;
			shellPath = /bin/sh;
			shellScript = "\"${SRCROOT}/Pods/Target Support Files/Pods-IdeaApp (FinalAssessment)/Pods-IdeaApp (FinalAssessment)-frameworks.sh\"\n";
			showEnvVarsInLog = 0;
		};
		AEF20DF9E9C25884AE84CB67 /* [CP] Check Pods Manifest.lock */ = {
			isa = PBXShellScriptBuildPhase;
			buildActionMask = 2147483647;
			files = (
			);
			inputPaths = (
				"${PODS_PODFILE_DIR_PATH}/Podfile.lock",
				"${PODS_ROOT}/Manifest.lock",
			);
			name = "[CP] Check Pods Manifest.lock";
			outputPaths = (
				"$(DERIVED_FILE_DIR)/Pods-IdeaApp (FinalAssessment)-checkManifestLockResult.txt",
			);
			runOnlyForDeploymentPostprocessing = 0;
			shellPath = /bin/sh;
			shellScript = "diff \"${PODS_PODFILE_DIR_PATH}/Podfile.lock\" \"${PODS_ROOT}/Manifest.lock\" > /dev/null\nif [ $? != 0 ] ; then\n    # print error to STDERR\n    echo \"error: The sandbox is not in sync with the Podfile.lock. Run 'pod install' or update your CocoaPods installation.\" >&2\n    exit 1\nfi\n# This output is used by Xcode 'outputs' to avoid re-running this script phase.\necho \"SUCCESS\" > \"${SCRIPT_OUTPUT_FILE_0}\"\n";
			showEnvVarsInLog = 0;
		};
		C8DE3A9A0AA036B02C853537 /* [CP] Copy Pods Resources */ = {
			isa = PBXShellScriptBuildPhase;
			buildActionMask = 2147483647;
			files = (
			);
			inputPaths = (
			);
			name = "[CP] Copy Pods Resources";
			outputPaths = (
			);
			runOnlyForDeploymentPostprocessing = 0;
			shellPath = /bin/sh;
			shellScript = "\"${SRCROOT}/Pods/Target Support Files/Pods-IdeaApp (FinalAssessment)/Pods-IdeaApp (FinalAssessment)-resources.sh\"\n";
			showEnvVarsInLog = 0;
		};
/* End PBXShellScriptBuildPhase section */

/* Begin PBXSourcesBuildPhase section */
		000894EC2061EADB00FA179E /* Sources */ = {
			isa = PBXSourcesBuildPhase;
			buildActionMask = 2147483647;
			files = (
				0008952B206393AB00FA179E /* User.swift in Sources */,
				0008950A2061F19500FA179E /* InitialViewController.swift in Sources */,
				0008951720636F2D00FA179E /* IdeaViewController.swift in Sources */,
				000895232063702F00FA179E /* IdeaTableViewCell.swift in Sources */,
				000895252063729400FA179E /* Idea.swift in Sources */,
				0008951D20636FF000FA179E /* AddViewController.swift in Sources */,
				0008952D2063CBC400FA179E /* ContainerImageViewController.swift in Sources */,
				00878B4D20640E2F003C51EF /* ExploreTableViewCell.swift in Sources */,
				00089512206222A100FA179E /* LoginViewController.swift in Sources */,
				0008951F20636FF800FA179E /* ExploreViewController.swift in Sources */,
				0008952F2063CBCE00FA179E /* ContainerMapViewController.swift in Sources */,
				000894F42061EADB00FA179E /* AppDelegate.swift in Sources */,
				000895212063700000FA179E /* ProfileViewController.swift in Sources */,
				0008950C206215A100FA179E /* Extension.swift in Sources */,
				00089527206373B600FA179E /* IdeaDetailViewController.swift in Sources */,
				0008950E206216E600FA179E /* SignUpViewController.swift in Sources */,
			);
			runOnlyForDeploymentPostprocessing = 0;
		};
/* End PBXSourcesBuildPhase section */

/* Begin PBXVariantGroup section */
		000894F72061EADB00FA179E /* Main.storyboard */ = {
			isa = PBXVariantGroup;
			children = (
				000894F82061EADB00FA179E /* Base */,
			);
			name = Main.storyboard;
			sourceTree = "<group>";
		};
		000894FC2061EADB00FA179E /* LaunchScreen.storyboard */ = {
			isa = PBXVariantGroup;
			children = (
				000894FD2061EADB00FA179E /* Base */,
			);
			name = LaunchScreen.storyboard;
			sourceTree = "<group>";
		};
/* End PBXVariantGroup section */

/* Begin XCBuildConfiguration section */
		000895002061EADB00FA179E /* Debug */ = {
			isa = XCBuildConfiguration;
			buildSettings = {
				ALWAYS_SEARCH_USER_PATHS = NO;
				CLANG_ANALYZER_NONNULL = YES;
				CLANG_ANALYZER_NUMBER_OBJECT_CONVERSION = YES_AGGRESSIVE;
				CLANG_CXX_LANGUAGE_STANDARD = "gnu++14";
				CLANG_CXX_LIBRARY = "libc++";
				CLANG_ENABLE_MODULES = YES;
				CLANG_ENABLE_OBJC_ARC = YES;
				CLANG_WARN_BLOCK_CAPTURE_AUTORELEASING = YES;
				CLANG_WARN_BOOL_CONVERSION = YES;
				CLANG_WARN_COMMA = YES;
				CLANG_WARN_CONSTANT_CONVERSION = YES;
				CLANG_WARN_DIRECT_OBJC_ISA_USAGE = YES_ERROR;
				CLANG_WARN_DOCUMENTATION_COMMENTS = YES;
				CLANG_WARN_EMPTY_BODY = YES;
				CLANG_WARN_ENUM_CONVERSION = YES;
				CLANG_WARN_INFINITE_RECURSION = YES;
				CLANG_WARN_INT_CONVERSION = YES;
				CLANG_WARN_NON_LITERAL_NULL_CONVERSION = YES;
				CLANG_WARN_OBJC_LITERAL_CONVERSION = YES;
				CLANG_WARN_OBJC_ROOT_CLASS = YES_ERROR;
				CLANG_WARN_RANGE_LOOP_ANALYSIS = YES;
				CLANG_WARN_STRICT_PROTOTYPES = YES;
				CLANG_WARN_SUSPICIOUS_MOVE = YES;
				CLANG_WARN_UNGUARDED_AVAILABILITY = YES_AGGRESSIVE;
				CLANG_WARN_UNREACHABLE_CODE = YES;
				CLANG_WARN__DUPLICATE_METHOD_MATCH = YES;
				CODE_SIGN_IDENTITY = "iPhone Developer";
				COPY_PHASE_STRIP = NO;
				DEBUG_INFORMATION_FORMAT = dwarf;
				ENABLE_STRICT_OBJC_MSGSEND = YES;
				ENABLE_TESTABILITY = YES;
				GCC_C_LANGUAGE_STANDARD = gnu11;
				GCC_DYNAMIC_NO_PIC = NO;
				GCC_NO_COMMON_BLOCKS = YES;
				GCC_OPTIMIZATION_LEVEL = 0;
				GCC_PREPROCESSOR_DEFINITIONS = (
					"DEBUG=1",
					"$(inherited)",
				);
				GCC_WARN_64_TO_32_BIT_CONVERSION = YES;
				GCC_WARN_ABOUT_RETURN_TYPE = YES_ERROR;
				GCC_WARN_UNDECLARED_SELECTOR = YES;
				GCC_WARN_UNINITIALIZED_AUTOS = YES_AGGRESSIVE;
				GCC_WARN_UNUSED_FUNCTION = YES;
				GCC_WARN_UNUSED_VARIABLE = YES;
				IPHONEOS_DEPLOYMENT_TARGET = 11.2;
				MTL_ENABLE_DEBUG_INFO = YES;
				ONLY_ACTIVE_ARCH = YES;
				SDKROOT = iphoneos;
				SWIFT_ACTIVE_COMPILATION_CONDITIONS = DEBUG;
				SWIFT_OPTIMIZATION_LEVEL = "-Onone";
			};
			name = Debug;
		};
		000895012061EADB00FA179E /* Release */ = {
			isa = XCBuildConfiguration;
			buildSettings = {
				ALWAYS_SEARCH_USER_PATHS = NO;
				CLANG_ANALYZER_NONNULL = YES;
				CLANG_ANALYZER_NUMBER_OBJECT_CONVERSION = YES_AGGRESSIVE;
				CLANG_CXX_LANGUAGE_STANDARD = "gnu++14";
				CLANG_CXX_LIBRARY = "libc++";
				CLANG_ENABLE_MODULES = YES;
				CLANG_ENABLE_OBJC_ARC = YES;
				CLANG_WARN_BLOCK_CAPTURE_AUTORELEASING = YES;
				CLANG_WARN_BOOL_CONVERSION = YES;
				CLANG_WARN_COMMA = YES;
				CLANG_WARN_CONSTANT_CONVERSION = YES;
				CLANG_WARN_DIRECT_OBJC_ISA_USAGE = YES_ERROR;
				CLANG_WARN_DOCUMENTATION_COMMENTS = YES;
				CLANG_WARN_EMPTY_BODY = YES;
				CLANG_WARN_ENUM_CONVERSION = YES;
				CLANG_WARN_INFINITE_RECURSION = YES;
				CLANG_WARN_INT_CONVERSION = YES;
				CLANG_WARN_NON_LITERAL_NULL_CONVERSION = YES;
				CLANG_WARN_OBJC_LITERAL_CONVERSION = YES;
				CLANG_WARN_OBJC_ROOT_CLASS = YES_ERROR;
				CLANG_WARN_RANGE_LOOP_ANALYSIS = YES;
				CLANG_WARN_STRICT_PROTOTYPES = YES;
				CLANG_WARN_SUSPICIOUS_MOVE = YES;
				CLANG_WARN_UNGUARDED_AVAILABILITY = YES_AGGRESSIVE;
				CLANG_WARN_UNREACHABLE_CODE = YES;
				CLANG_WARN__DUPLICATE_METHOD_MATCH = YES;
				CODE_SIGN_IDENTITY = "iPhone Developer";
				COPY_PHASE_STRIP = NO;
				DEBUG_INFORMATION_FORMAT = "dwarf-with-dsym";
				ENABLE_NS_ASSERTIONS = NO;
				ENABLE_STRICT_OBJC_MSGSEND = YES;
				GCC_C_LANGUAGE_STANDARD = gnu11;
				GCC_NO_COMMON_BLOCKS = YES;
				GCC_WARN_64_TO_32_BIT_CONVERSION = YES;
				GCC_WARN_ABOUT_RETURN_TYPE = YES_ERROR;
				GCC_WARN_UNDECLARED_SELECTOR = YES;
				GCC_WARN_UNINITIALIZED_AUTOS = YES_AGGRESSIVE;
				GCC_WARN_UNUSED_FUNCTION = YES;
				GCC_WARN_UNUSED_VARIABLE = YES;
				IPHONEOS_DEPLOYMENT_TARGET = 11.2;
				MTL_ENABLE_DEBUG_INFO = NO;
				SDKROOT = iphoneos;
				SWIFT_OPTIMIZATION_LEVEL = "-Owholemodule";
				VALIDATE_PRODUCT = YES;
			};
			name = Release;
		};
		000895032061EADB00FA179E /* Debug */ = {
			isa = XCBuildConfiguration;
			baseConfigurationReference = 05F01074C114670F2347F176 /* Pods-IdeaApp (FinalAssessment).debug.xcconfig */;
			buildSettings = {
				ASSETCATALOG_COMPILER_APPICON_NAME = AppIcon;
				CODE_SIGN_STYLE = Automatic;
				INFOPLIST_FILE = "IdeaApp (FinalAssessment)/Info.plist";
				LD_RUNPATH_SEARCH_PATHS = "$(inherited) @executable_path/Frameworks";
				PRODUCT_BUNDLE_IDENTIFIER = "com.example.IdeaApp--FinalAssessment-";
				PRODUCT_NAME = "$(TARGET_NAME)";
				SWIFT_VERSION = 4.0;
				TARGETED_DEVICE_FAMILY = "1,2";
			};
			name = Debug;
		};
		000895042061EADB00FA179E /* Release */ = {
			isa = XCBuildConfiguration;
			baseConfigurationReference = 497EA11F04F6B7200B8741BC /* Pods-IdeaApp (FinalAssessment).release.xcconfig */;
			buildSettings = {
				ASSETCATALOG_COMPILER_APPICON_NAME = AppIcon;
				CODE_SIGN_STYLE = Automatic;
				INFOPLIST_FILE = "IdeaApp (FinalAssessment)/Info.plist";
				LD_RUNPATH_SEARCH_PATHS = "$(inherited) @executable_path/Frameworks";
				PRODUCT_BUNDLE_IDENTIFIER = "com.example.IdeaApp--FinalAssessment-";
				PRODUCT_NAME = "$(TARGET_NAME)";
				SWIFT_VERSION = 4.0;
				TARGETED_DEVICE_FAMILY = "1,2";
			};
			name = Release;
		};
/* End XCBuildConfiguration section */

/* Begin XCConfigurationList section */
		000894EB2061EADB00FA179E /* Build configuration list for PBXProject "IdeaApp (FinalAssessment)" */ = {
			isa = XCConfigurationList;
			buildConfigurations = (
				000895002061EADB00FA179E /* Debug */,
				000895012061EADB00FA179E /* Release */,
			);
			defaultConfigurationIsVisible = 0;
			defaultConfigurationName = Release;
		};
		000895022061EADB00FA179E /* Build configuration list for PBXNativeTarget "IdeaApp (FinalAssessment)" */ = {
			isa = XCConfigurationList;
			buildConfigurations = (
				000895032061EADB00FA179E /* Debug */,
				000895042061EADB00FA179E /* Release */,
			);
			defaultConfigurationIsVisible = 0;
			defaultConfigurationName = Release;
		};
/* End XCConfigurationList section */
	};
	rootObject = 000894E82061EADB00FA179E /* Project object */;
}
